
Microsoft Visual Studio Solution File, Format Version 12.00
# Visual Studio Version 17
VisualStudioVersion = 17.11.35312.102
MinimumVisualStudioVersion = 10.0.40219.1
Project("{FAE04EC0-301F-11D3-BF4B-00C04F79EFBC}") = "ProductData", "ProductData\ProductData.csproj", "{0652DF6E-D7F6-4C7D-9ACA-896BCFF6FBFB}"
EndProject
Global
	GlobalSection(SolutionConfigurationPlatforms) = preSolution
		Debug|Any CPU = Debug|Any CPU
		Release|Any CPU = Release|Any CPU
	EndGlobalSection
	GlobalSection(ProjectConfigurationPlatforms) = postSolution
		{0652DF6E-D7F6-4C7D-9ACA-896BCFF6FBFB}.Debug|Any CPU.ActiveCfg = Debug|Any CPU
		{0652DF6E-D7F6-4C7D-9ACA-896BCFF6FBFB}.Debug|Any CPU.Build.0 = Debug|Any CPU
		{0652DF6E-D7F6-4C7D-9ACA-896BCFF6FBFB}.Release|Any CPU.ActiveCfg = Release|Any CPU
		{0652DF6E-D7F6-4C7D-9ACA-896BCFF6FBFB}.Release|Any CPU.Build.0 = Release|Any CPU
	EndGlobalSection
	GlobalSection(SolutionProperties) = preSolution
		HideSolutionNode = FALSE
	EndGlobalSection
	GlobalSection(ExtensibilityGlobals) = postSolution
		SolutionGuid = {F4BCC292-49B4-4FF1-86DF-8ED77566D291}
	EndGlobalSection
EndGlobal
